// !$*UTF8*$!
{
	archiveVersion = 1;
	classes = {
	};
	objectVersion = 50;
	objects = {

/* Begin PBXBuildFile section */
		2E0F6BF82218852200640A9E /* HoundifySDK.framework in Frameworks */ = {isa = PBXBuildFile; fileRef = 2E0F6BF62218851A00640A9E /* HoundifySDK.framework */; };
		2E0F6BF92218852300640A9E /* HoundifySDK.framework in Embed Frameworks */ = {isa = PBXBuildFile; fileRef = 2E0F6BF62218851A00640A9E /* HoundifySDK.framework */; settings = {ATTRIBUTES = (CodeSignOnCopy, RemoveHeadersOnCopy, ); }; };
		2E0F6C082218896700640A9E /* CitizenKit.framework in Frameworks */ = {isa = PBXBuildFile; fileRef = 2E0F6BFF2218896700640A9E /* CitizenKit.framework */; };
		2E0F6C0F2218896700640A9E /* CitizenKitTests.swift in Sources */ = {isa = PBXBuildFile; fileRef = 2E0F6C0E2218896700640A9E /* CitizenKitTests.swift */; };
		2E0F6C142218896700640A9E /* CitizenKit.framework in Frameworks */ = {isa = PBXBuildFile; fileRef = 2E0F6BFF2218896700640A9E /* CitizenKit.framework */; };
		2E0F6C152218896700640A9E /* CitizenKit.framework in Embed Frameworks */ = {isa = PBXBuildFile; fileRef = 2E0F6BFF2218896700640A9E /* CitizenKit.framework */; settings = {ATTRIBUTES = (CodeSignOnCopy, RemoveHeadersOnCopy, ); }; };
		2E0F6C1F22188AF300640A9E /* Promise.swift in Sources */ = {isa = PBXBuildFile; fileRef = 2E0F6C1E22188AF300640A9E /* Promise.swift */; };
		2E0F6C2422188B5F00640A9E /* Legislator.swift in Sources */ = {isa = PBXBuildFile; fileRef = 2E0F6C2322188B5F00640A9E /* Legislator.swift */; };
		2E0F6C2622188C7700640A9E /* LegislatorsResponse.swift in Sources */ = {isa = PBXBuildFile; fileRef = 2E0F6C2522188C7700640A9E /* LegislatorsResponse.swift */; };
		2E0F6C2922188EFA00640A9E /* Phone2Action.swift in Sources */ = {isa = PBXBuildFile; fileRef = 2E0F6C2822188EFA00640A9E /* Phone2Action.swift */; };
		2E0F6C2B2218908300640A9E /* AnyDecoder.swift in Sources */ = {isa = PBXBuildFile; fileRef = 2E0F6C2A2218908300640A9E /* AnyDecoder.swift */; };
		2E0F6C2E2218B6AA00640A9E /* State.swift in Sources */ = {isa = PBXBuildFile; fileRef = 2E0F6C2D2218B6AA00640A9E /* State.swift */; };
		2E0F6C342218F82100640A9E /* ContentController.swift in Sources */ = {isa = PBXBuildFile; fileRef = 2E0F6C332218F82100640A9E /* ContentController.swift */; };
		2E0F6C362218FC6700640A9E /* Interaction.swift in Sources */ = {isa = PBXBuildFile; fileRef = 2E0F6C352218FC6700640A9E /* Interaction.swift */; };
		91D55BD62218822500250936 /* AppDelegate.swift in Sources */ = {isa = PBXBuildFile; fileRef = 91D55BD52218822500250936 /* AppDelegate.swift */; };
		91D55BD82218822500250936 /* EngagementViewController.swift in Sources */ = {isa = PBXBuildFile; fileRef = 91D55BD72218822500250936 /* EngagementViewController.swift */; };
		91D55BDB2218822500250936 /* Main.storyboard in Resources */ = {isa = PBXBuildFile; fileRef = 91D55BD92218822500250936 /* Main.storyboard */; };
		91D55BDD2218822700250936 /* Assets.xcassets in Resources */ = {isa = PBXBuildFile; fileRef = 91D55BDC2218822700250936 /* Assets.xcassets */; };
		91D55BE02218822700250936 /* LaunchScreen.storyboard in Resources */ = {isa = PBXBuildFile; fileRef = 91D55BDE2218822700250936 /* LaunchScreen.storyboard */; };
		91D55BEA221884CE00250936 /* Core.swift in Sources */ = {isa = PBXBuildFile; fileRef = 91D55BE9221884CE00250936 /* Core.swift */; };
		91D55BF622188A8600250936 /* ModernUIKit.h in Headers */ = {isa = PBXBuildFile; fileRef = 91D55BF422188A8600250936 /* ModernUIKit.h */; settings = {ATTRIBUTES = (Public, ); }; };
		91D55BF922188A8600250936 /* ModernUIKit.framework in Frameworks */ = {isa = PBXBuildFile; fileRef = 91D55BF222188A8600250936 /* ModernUIKit.framework */; };
		91D55BFA22188A8600250936 /* ModernUIKit.framework in Embed Frameworks */ = {isa = PBXBuildFile; fileRef = 91D55BF222188A8600250936 /* ModernUIKit.framework */; settings = {ATTRIBUTES = (CodeSignOnCopy, RemoveHeadersOnCopy, ); }; };
		91D55C0D22188AAD00250936 /* UIViewController+Core.swift in Sources */ = {isa = PBXBuildFile; fileRef = 91D55BFF22188AAD00250936 /* UIViewController+Core.swift */; };
		91D55C0E22188AAD00250936 /* UIWindow+Core.swift in Sources */ = {isa = PBXBuildFile; fileRef = 91D55C0022188AAD00250936 /* UIWindow+Core.swift */; };
		91D55C0F22188AAD00250936 /* UIColor+Core.swift in Sources */ = {isa = PBXBuildFile; fileRef = 91D55C0122188AAD00250936 /* UIColor+Core.swift */; };
		91D55C1022188AAD00250936 /* CGRect+Math.swift in Sources */ = {isa = PBXBuildFile; fileRef = 91D55C0322188AAD00250936 /* CGRect+Math.swift */; };
		91D55C1122188AAD00250936 /* IndexPath+Grid.swift in Sources */ = {isa = PBXBuildFile; fileRef = 91D55C0422188AAD00250936 /* IndexPath+Grid.swift */; };
		91D55C1222188AAD00250936 /* Array+ColorConversion.swift in Sources */ = {isa = PBXBuildFile; fileRef = 91D55C0522188AAD00250936 /* Array+ColorConversion.swift */; };
		91D55C1322188AAD00250936 /* EdgeInsets.swift in Sources */ = {isa = PBXBuildFile; fileRef = 91D55C0622188AAD00250936 /* EdgeInsets.swift */; };
		91D55C1422188AAD00250936 /* CGSize+Math.swift in Sources */ = {isa = PBXBuildFile; fileRef = 91D55C0722188AAD00250936 /* CGSize+Math.swift */; };
		91D55C1522188AAD00250936 /* UIViewController+Alerts.swift in Sources */ = {isa = PBXBuildFile; fileRef = 91D55C0822188AAD00250936 /* UIViewController+Alerts.swift */; };
		91D55C1622188AAD00250936 /* UIStoryboard+Core.swift in Sources */ = {isa = PBXBuildFile; fileRef = 91D55C0922188AAD00250936 /* UIStoryboard+Core.swift */; };
		91D55C1722188AAD00250936 /* UIEdgeInsets+Math.swift in Sources */ = {isa = PBXBuildFile; fileRef = 91D55C0A22188AAD00250936 /* UIEdgeInsets+Math.swift */; };
		91D55C1822188AAD00250936 /* UIView+Core.swift in Sources */ = {isa = PBXBuildFile; fileRef = 91D55C0B22188AAD00250936 /* UIView+Core.swift */; };
		91D55C1922188AAD00250936 /* UIDevice+Core.swift in Sources */ = {isa = PBXBuildFile; fileRef = 91D55C0C22188AAD00250936 /* UIDevice+Core.swift */; };
		91D55C1D22188AC300250936 /* ModernTimer.swift in Sources */ = {isa = PBXBuildFile; fileRef = 91D55C1B22188AC300250936 /* ModernTimer.swift */; };
		91D55C1E22188AC300250936 /* ModernCollectionViewFlowLayout.swift in Sources */ = {isa = PBXBuildFile; fileRef = 91D55C1C22188AC300250936 /* ModernCollectionViewFlowLayout.swift */; };
		91D55C2822188ACC00250936 /* ModernGridView.swift in Sources */ = {isa = PBXBuildFile; fileRef = 91D55C2022188ACC00250936 /* ModernGridView.swift */; };
		91D55C2922188ACC00250936 /* ModernFluidButton.swift in Sources */ = {isa = PBXBuildFile; fileRef = 91D55C2122188ACC00250936 /* ModernFluidButton.swift */; };
		91D55C2A22188ACC00250936 /* ModernCircleView.swift in Sources */ = {isa = PBXBuildFile; fileRef = 91D55C2222188ACC00250936 /* ModernCircleView.swift */; };
		91D55C2B22188ACC00250936 /* ModernContinuousContourView.swift in Sources */ = {isa = PBXBuildFile; fileRef = 91D55C2322188ACC00250936 /* ModernContinuousContourView.swift */; };
		91D55C2C22188ACC00250936 /* ModernGradientContourView.swift in Sources */ = {isa = PBXBuildFile; fileRef = 91D55C2422188ACC00250936 /* ModernGradientContourView.swift */; };
		91D55C2D22188ACC00250936 /* ModernFluidTableView.swift in Sources */ = {isa = PBXBuildFile; fileRef = 91D55C2522188ACC00250936 /* ModernFluidTableView.swift */; };
		91D55C2E22188ACC00250936 /* ModernNavigationBar.swift in Sources */ = {isa = PBXBuildFile; fileRef = 91D55C2622188ACC00250936 /* ModernNavigationBar.swift */; };
		91D55C2F22188ACC00250936 /* ModernGradientView.swift in Sources */ = {isa = PBXBuildFile; fileRef = 91D55C2722188ACC00250936 /* ModernGradientView.swift */; };
		91D55C322218A01100250936 /* UIColor+Application.swift in Sources */ = {isa = PBXBuildFile; fileRef = 91D55C312218A01100250936 /* UIColor+Application.swift */; };
		91D55C342218A2CD00250936 /* ModernUIConstants.swift in Sources */ = {isa = PBXBuildFile; fileRef = 91D55C332218A2CD00250936 /* ModernUIConstants.swift */; };
		91D55C362218BA2800250936 /* CardContentProviding.swift in Sources */ = {isa = PBXBuildFile; fileRef = 91D55C352218BA2800250936 /* CardContentProviding.swift */; };
		91D55C3B2218BDFF00250936 /* EngagementTableViewCell.swift in Sources */ = {isa = PBXBuildFile; fileRef = 91D55C3A2218BDFF00250936 /* EngagementTableViewCell.swift */; };
		91D55C3E2218C80C00250936 /* LegislatorViewContent.swift in Sources */ = {isa = PBXBuildFile; fileRef = 91D55C3D2218C80C00250936 /* LegislatorViewContent.swift */; };
		91D55C402218E6BA00250936 /* LegislatorListViewController.swift in Sources */ = {isa = PBXBuildFile; fileRef = 91D55C3F2218E6BA00250936 /* LegislatorListViewController.swift */; };
		91D55C422218E89400250936 /* LegislatorSummaryView.swift in Sources */ = {isa = PBXBuildFile; fileRef = 91D55C412218E89400250936 /* LegislatorSummaryView.swift */; };
		91D55C4422190AB600250936 /* UIImageView+AsyncURL.swift in Sources */ = {isa = PBXBuildFile; fileRef = 91D55C4322190AB600250936 /* UIImageView+AsyncURL.swift */; };
/* End PBXBuildFile section */

/* Begin PBXContainerItemProxy section */
		2E0F6C092218896700640A9E /* PBXContainerItemProxy */ = {
			isa = PBXContainerItemProxy;
			containerPortal = 91D55BCA2218822500250936 /* Project object */;
			proxyType = 1;
			remoteGlobalIDString = 2E0F6BFE2218896700640A9E;
			remoteInfo = CitizenKit;
		};
		2E0F6C0B2218896700640A9E /* PBXContainerItemProxy */ = {
			isa = PBXContainerItemProxy;
			containerPortal = 91D55BCA2218822500250936 /* Project object */;
			proxyType = 1;
			remoteGlobalIDString = 91D55BD12218822500250936;
			remoteInfo = "Citizen-X";
		};
		2E0F6C122218896700640A9E /* PBXContainerItemProxy */ = {
			isa = PBXContainerItemProxy;
			containerPortal = 91D55BCA2218822500250936 /* Project object */;
			proxyType = 1;
			remoteGlobalIDString = 2E0F6BFE2218896700640A9E;
			remoteInfo = CitizenKit;
		};
		91D55BF722188A8600250936 /* PBXContainerItemProxy */ = {
			isa = PBXContainerItemProxy;
			containerPortal = 91D55BCA2218822500250936 /* Project object */;
			proxyType = 1;
			remoteGlobalIDString = 91D55BF122188A8600250936;
			remoteInfo = ModernUIKit;
		};
/* End PBXContainerItemProxy section */

/* Begin PBXCopyFilesBuildPhase section */
		2E0F6BF4221884F000640A9E /* Embed Frameworks */ = {
			isa = PBXCopyFilesBuildPhase;
			buildActionMask = 2147483647;
			dstPath = "";
			dstSubfolderSpec = 10;
			files = (
				2E0F6C152218896700640A9E /* CitizenKit.framework in Embed Frameworks */,
				91D55BFA22188A8600250936 /* ModernUIKit.framework in Embed Frameworks */,
				2E0F6BF92218852300640A9E /* HoundifySDK.framework in Embed Frameworks */,
			);
			name = "Embed Frameworks";
			runOnlyForDeploymentPostprocessing = 0;
		};
/* End PBXCopyFilesBuildPhase section */

/* Begin PBXFileReference section */
		2E0F6BF62218851A00640A9E /* HoundifySDK.framework */ = {isa = PBXFileReference; lastKnownFileType = wrapper.framework; path = HoundifySDK.framework; sourceTree = "<group>"; };
		2E0F6BFF2218896700640A9E /* CitizenKit.framework */ = {isa = PBXFileReference; explicitFileType = wrapper.framework; includeInIndex = 0; path = CitizenKit.framework; sourceTree = BUILT_PRODUCTS_DIR; };
		2E0F6C022218896700640A9E /* Info.plist */ = {isa = PBXFileReference; lastKnownFileType = text.plist.xml; path = Info.plist; sourceTree = "<group>"; };
		2E0F6C072218896700640A9E /* CitizenKitTests.xctest */ = {isa = PBXFileReference; explicitFileType = wrapper.cfbundle; includeInIndex = 0; path = CitizenKitTests.xctest; sourceTree = BUILT_PRODUCTS_DIR; };
		2E0F6C0E2218896700640A9E /* CitizenKitTests.swift */ = {isa = PBXFileReference; lastKnownFileType = sourcecode.swift; path = CitizenKitTests.swift; sourceTree = "<group>"; };
		2E0F6C102218896700640A9E /* Info.plist */ = {isa = PBXFileReference; lastKnownFileType = text.plist.xml; path = Info.plist; sourceTree = "<group>"; };
		2E0F6C1E22188AF300640A9E /* Promise.swift */ = {isa = PBXFileReference; lastKnownFileType = sourcecode.swift; path = Promise.swift; sourceTree = "<group>"; };
		2E0F6C2322188B5F00640A9E /* Legislator.swift */ = {isa = PBXFileReference; lastKnownFileType = sourcecode.swift; path = Legislator.swift; sourceTree = "<group>"; };
		2E0F6C2522188C7700640A9E /* LegislatorsResponse.swift */ = {isa = PBXFileReference; lastKnownFileType = sourcecode.swift; path = LegislatorsResponse.swift; sourceTree = "<group>"; };
		2E0F6C2822188EFA00640A9E /* Phone2Action.swift */ = {isa = PBXFileReference; lastKnownFileType = sourcecode.swift; path = Phone2Action.swift; sourceTree = "<group>"; };
		2E0F6C2A2218908300640A9E /* AnyDecoder.swift */ = {isa = PBXFileReference; lastKnownFileType = sourcecode.swift; path = AnyDecoder.swift; sourceTree = "<group>"; };
		2E0F6C2D2218B6AA00640A9E /* State.swift */ = {isa = PBXFileReference; lastKnownFileType = sourcecode.swift; path = State.swift; sourceTree = "<group>"; };
		2E0F6C332218F82100640A9E /* ContentController.swift */ = {isa = PBXFileReference; lastKnownFileType = sourcecode.swift; path = ContentController.swift; sourceTree = "<group>"; };
		2E0F6C352218FC6700640A9E /* Interaction.swift */ = {isa = PBXFileReference; lastKnownFileType = sourcecode.swift; path = Interaction.swift; sourceTree = "<group>"; };
		91D55BD22218822500250936 /* Citizen-X.app */ = {isa = PBXFileReference; explicitFileType = wrapper.application; includeInIndex = 0; path = "Citizen-X.app"; sourceTree = BUILT_PRODUCTS_DIR; };
		91D55BD52218822500250936 /* AppDelegate.swift */ = {isa = PBXFileReference; lastKnownFileType = sourcecode.swift; path = AppDelegate.swift; sourceTree = "<group>"; };
		91D55BD72218822500250936 /* EngagementViewController.swift */ = {isa = PBXFileReference; lastKnownFileType = sourcecode.swift; path = EngagementViewController.swift; sourceTree = "<group>"; };
		91D55BDA2218822500250936 /* Base */ = {isa = PBXFileReference; lastKnownFileType = file.storyboard; name = Base; path = Base.lproj/Main.storyboard; sourceTree = "<group>"; };
		91D55BDC2218822700250936 /* Assets.xcassets */ = {isa = PBXFileReference; lastKnownFileType = folder.assetcatalog; path = Assets.xcassets; sourceTree = "<group>"; };
		91D55BDF2218822700250936 /* Base */ = {isa = PBXFileReference; lastKnownFileType = file.storyboard; name = Base; path = Base.lproj/LaunchScreen.storyboard; sourceTree = "<group>"; };
		91D55BE12218822700250936 /* Info.plist */ = {isa = PBXFileReference; lastKnownFileType = text.plist.xml; path = Info.plist; sourceTree = "<group>"; };
		91D55BE9221884CE00250936 /* Core.swift */ = {isa = PBXFileReference; lastKnownFileType = sourcecode.swift; path = Core.swift; sourceTree = "<group>"; };
		91D55BF222188A8600250936 /* ModernUIKit.framework */ = {isa = PBXFileReference; explicitFileType = wrapper.framework; includeInIndex = 0; path = ModernUIKit.framework; sourceTree = BUILT_PRODUCTS_DIR; };
		91D55BF422188A8600250936 /* ModernUIKit.h */ = {isa = PBXFileReference; lastKnownFileType = sourcecode.c.h; path = ModernUIKit.h; sourceTree = "<group>"; };
		91D55BF522188A8600250936 /* Info.plist */ = {isa = PBXFileReference; lastKnownFileType = text.plist.xml; path = Info.plist; sourceTree = "<group>"; };
		91D55BFF22188AAD00250936 /* UIViewController+Core.swift */ = {isa = PBXFileReference; fileEncoding = 4; lastKnownFileType = sourcecode.swift; path = "UIViewController+Core.swift"; sourceTree = "<group>"; };
		91D55C0022188AAD00250936 /* UIWindow+Core.swift */ = {isa = PBXFileReference; fileEncoding = 4; lastKnownFileType = sourcecode.swift; path = "UIWindow+Core.swift"; sourceTree = "<group>"; };
		91D55C0122188AAD00250936 /* UIColor+Core.swift */ = {isa = PBXFileReference; fileEncoding = 4; lastKnownFileType = sourcecode.swift; path = "UIColor+Core.swift"; sourceTree = "<group>"; };
		91D55C0322188AAD00250936 /* CGRect+Math.swift */ = {isa = PBXFileReference; fileEncoding = 4; lastKnownFileType = sourcecode.swift; path = "CGRect+Math.swift"; sourceTree = "<group>"; };
		91D55C0422188AAD00250936 /* IndexPath+Grid.swift */ = {isa = PBXFileReference; fileEncoding = 4; lastKnownFileType = sourcecode.swift; path = "IndexPath+Grid.swift"; sourceTree = "<group>"; };
		91D55C0522188AAD00250936 /* Array+ColorConversion.swift */ = {isa = PBXFileReference; fileEncoding = 4; lastKnownFileType = sourcecode.swift; path = "Array+ColorConversion.swift"; sourceTree = "<group>"; };
		91D55C0622188AAD00250936 /* EdgeInsets.swift */ = {isa = PBXFileReference; fileEncoding = 4; lastKnownFileType = sourcecode.swift; path = EdgeInsets.swift; sourceTree = "<group>"; };
		91D55C0722188AAD00250936 /* CGSize+Math.swift */ = {isa = PBXFileReference; fileEncoding = 4; lastKnownFileType = sourcecode.swift; path = "CGSize+Math.swift"; sourceTree = "<group>"; };
		91D55C0822188AAD00250936 /* UIViewController+Alerts.swift */ = {isa = PBXFileReference; fileEncoding = 4; lastKnownFileType = sourcecode.swift; path = "UIViewController+Alerts.swift"; sourceTree = "<group>"; };
		91D55C0922188AAD00250936 /* UIStoryboard+Core.swift */ = {isa = PBXFileReference; fileEncoding = 4; lastKnownFileType = sourcecode.swift; path = "UIStoryboard+Core.swift"; sourceTree = "<group>"; };
		91D55C0A22188AAD00250936 /* UIEdgeInsets+Math.swift */ = {isa = PBXFileReference; fileEncoding = 4; lastKnownFileType = sourcecode.swift; path = "UIEdgeInsets+Math.swift"; sourceTree = "<group>"; };
		91D55C0B22188AAD00250936 /* UIView+Core.swift */ = {isa = PBXFileReference; fileEncoding = 4; lastKnownFileType = sourcecode.swift; path = "UIView+Core.swift"; sourceTree = "<group>"; };
		91D55C0C22188AAD00250936 /* UIDevice+Core.swift */ = {isa = PBXFileReference; fileEncoding = 4; lastKnownFileType = sourcecode.swift; path = "UIDevice+Core.swift"; sourceTree = "<group>"; };
		91D55C1B22188AC300250936 /* ModernTimer.swift */ = {isa = PBXFileReference; fileEncoding = 4; lastKnownFileType = sourcecode.swift; path = ModernTimer.swift; sourceTree = "<group>"; };
		91D55C1C22188AC300250936 /* ModernCollectionViewFlowLayout.swift */ = {isa = PBXFileReference; fileEncoding = 4; lastKnownFileType = sourcecode.swift; path = ModernCollectionViewFlowLayout.swift; sourceTree = "<group>"; };
		91D55C2022188ACC00250936 /* ModernGridView.swift */ = {isa = PBXFileReference; fileEncoding = 4; lastKnownFileType = sourcecode.swift; path = ModernGridView.swift; sourceTree = "<group>"; };
		91D55C2122188ACC00250936 /* ModernFluidButton.swift */ = {isa = PBXFileReference; fileEncoding = 4; lastKnownFileType = sourcecode.swift; path = ModernFluidButton.swift; sourceTree = "<group>"; };
		91D55C2222188ACC00250936 /* ModernCircleView.swift */ = {isa = PBXFileReference; fileEncoding = 4; lastKnownFileType = sourcecode.swift; path = ModernCircleView.swift; sourceTree = "<group>"; };
		91D55C2322188ACC00250936 /* ModernContinuousContourView.swift */ = {isa = PBXFileReference; fileEncoding = 4; lastKnownFileType = sourcecode.swift; path = ModernContinuousContourView.swift; sourceTree = "<group>"; };
		91D55C2422188ACC00250936 /* ModernGradientContourView.swift */ = {isa = PBXFileReference; fileEncoding = 4; lastKnownFileType = sourcecode.swift; path = ModernGradientContourView.swift; sourceTree = "<group>"; };
		91D55C2522188ACC00250936 /* ModernFluidTableView.swift */ = {isa = PBXFileReference; fileEncoding = 4; lastKnownFileType = sourcecode.swift; path = ModernFluidTableView.swift; sourceTree = "<group>"; };
		91D55C2622188ACC00250936 /* ModernNavigationBar.swift */ = {isa = PBXFileReference; fileEncoding = 4; lastKnownFileType = sourcecode.swift; path = ModernNavigationBar.swift; sourceTree = "<group>"; };
		91D55C2722188ACC00250936 /* ModernGradientView.swift */ = {isa = PBXFileReference; fileEncoding = 4; lastKnownFileType = sourcecode.swift; path = ModernGradientView.swift; sourceTree = "<group>"; };
		91D55C312218A01100250936 /* UIColor+Application.swift */ = {isa = PBXFileReference; lastKnownFileType = sourcecode.swift; path = "UIColor+Application.swift"; sourceTree = "<group>"; };
		91D55C332218A2CD00250936 /* ModernUIConstants.swift */ = {isa = PBXFileReference; fileEncoding = 4; lastKnownFileType = sourcecode.swift; path = ModernUIConstants.swift; sourceTree = "<group>"; };
		91D55C352218BA2800250936 /* CardContentProviding.swift */ = {isa = PBXFileReference; lastKnownFileType = sourcecode.swift; path = CardContentProviding.swift; sourceTree = "<group>"; };
		91D55C3A2218BDFF00250936 /* EngagementTableViewCell.swift */ = {isa = PBXFileReference; lastKnownFileType = sourcecode.swift; path = EngagementTableViewCell.swift; sourceTree = "<group>"; };
		91D55C3D2218C80C00250936 /* LegislatorViewContent.swift */ = {isa = PBXFileReference; lastKnownFileType = sourcecode.swift; path = LegislatorViewContent.swift; sourceTree = "<group>"; };
		91D55C3F2218E6BA00250936 /* LegislatorListViewController.swift */ = {isa = PBXFileReference; lastKnownFileType = sourcecode.swift; path = LegislatorListViewController.swift; sourceTree = "<group>"; };
		91D55C412218E89400250936 /* LegislatorSummaryView.swift */ = {isa = PBXFileReference; lastKnownFileType = sourcecode.swift; path = LegislatorSummaryView.swift; sourceTree = "<group>"; };
		91D55C4322190AB600250936 /* UIImageView+AsyncURL.swift */ = {isa = PBXFileReference; lastKnownFileType = sourcecode.swift; path = "UIImageView+AsyncURL.swift"; sourceTree = "<group>"; };
/* End PBXFileReference section */

/* Begin PBXFrameworksBuildPhase section */
		2E0F6BFC2218896700640A9E /* Frameworks */ = {
			isa = PBXFrameworksBuildPhase;
			buildActionMask = 2147483647;
			files = (
			);
			runOnlyForDeploymentPostprocessing = 0;
		};
		2E0F6C042218896700640A9E /* Frameworks */ = {
			isa = PBXFrameworksBuildPhase;
			buildActionMask = 2147483647;
			files = (
				2E0F6C082218896700640A9E /* CitizenKit.framework in Frameworks */,
			);
			runOnlyForDeploymentPostprocessing = 0;
		};
		91D55BCF2218822500250936 /* Frameworks */ = {
			isa = PBXFrameworksBuildPhase;
			buildActionMask = 2147483647;
			files = (
				2E0F6C142218896700640A9E /* CitizenKit.framework in Frameworks */,
				91D55BF922188A8600250936 /* ModernUIKit.framework in Frameworks */,
				2E0F6BF82218852200640A9E /* HoundifySDK.framework in Frameworks */,
			);
			runOnlyForDeploymentPostprocessing = 0;
		};
		91D55BEF22188A8600250936 /* Frameworks */ = {
			isa = PBXFrameworksBuildPhase;
			buildActionMask = 2147483647;
			files = (
			);
			runOnlyForDeploymentPostprocessing = 0;
		};
/* End PBXFrameworksBuildPhase section */

/* Begin PBXGroup section */
		2E0F6BF52218851A00640A9E /* Frameworks */ = {
			isa = PBXGroup;
			children = (
				2E0F6BF62218851A00640A9E /* HoundifySDK.framework */,
			);
			path = Frameworks;
			sourceTree = "<group>";
		};
		2E0F6C002218896700640A9E /* CitizenKit */ = {
			isa = PBXGroup;
			children = (
				2E0F6C2322188B5F00640A9E /* Legislator.swift */,
				2E0F6C2D2218B6AA00640A9E /* State.swift */,
				2E0F6C2722188EE900640A9E /* Phone2Action API */,
				2E0F6C2222188B3700640A9E /* Core */,
				2E0F6C0D2218896700640A9E /* CitizenKitTests */,
				2E0F6C022218896700640A9E /* Info.plist */,
			);
			path = CitizenKit;
			sourceTree = "<group>";
		};
		2E0F6C0D2218896700640A9E /* CitizenKitTests */ = {
			isa = PBXGroup;
			children = (
				2E0F6C0E2218896700640A9E /* CitizenKitTests.swift */,
				2E0F6C102218896700640A9E /* Info.plist */,
			);
			path = CitizenKitTests;
			sourceTree = "<group>";
		};
		2E0F6C2222188B3700640A9E /* Core */ = {
			isa = PBXGroup;
			children = (
				2E0F6C1E22188AF300640A9E /* Promise.swift */,
				2E0F6C2A2218908300640A9E /* AnyDecoder.swift */,
			);
			path = Core;
			sourceTree = "<group>";
		};
		2E0F6C2722188EE900640A9E /* Phone2Action API */ = {
			isa = PBXGroup;
			children = (
				2E0F6C2822188EFA00640A9E /* Phone2Action.swift */,
				2E0F6C2522188C7700640A9E /* LegislatorsResponse.swift */,
			);
			path = "Phone2Action API";
			sourceTree = "<group>";
		};
		91D55BC92218822500250936 = {
			isa = PBXGroup;
			children = (
				91D55BD42218822500250936 /* Citizen-X */,
				2E0F6C002218896700640A9E /* CitizenKit */,
				91D55BF322188A8600250936 /* ModernUIKit */,
				91D55BD32218822500250936 /* Products */,
				2E0F6BF52218851A00640A9E /* Frameworks */,
			);
			sourceTree = "<group>";
		};
		91D55BD32218822500250936 /* Products */ = {
			isa = PBXGroup;
			children = (
				91D55BD22218822500250936 /* Citizen-X.app */,
				2E0F6BFF2218896700640A9E /* CitizenKit.framework */,
				2E0F6C072218896700640A9E /* CitizenKitTests.xctest */,
				91D55BF222188A8600250936 /* ModernUIKit.framework */,
			);
			name = Products;
			sourceTree = "<group>";
		};
		91D55BD42218822500250936 /* Citizen-X */ = {
			isa = PBXGroup;
			children = (
				91D55BE7221884B700250936 /* App */,
				91D55BE8221884C100250936 /* Core */,
				91D55BEB221886F400250936 /* Model */,
				91D55C392218BDE900250936 /* View */,
				91D55BEC221886FF00250936 /* Controller */,
				91D55C3022189FFA00250936 /* Extensions */,
				91D55BD92218822500250936 /* Main.storyboard */,
				91D55BDC2218822700250936 /* Assets.xcassets */,
				91D55BDE2218822700250936 /* LaunchScreen.storyboard */,
				91D55BE12218822700250936 /* Info.plist */,
			);
			path = "Citizen-X";
			sourceTree = "<group>";
		};
		91D55BE7221884B700250936 /* App */ = {
			isa = PBXGroup;
			children = (
				91D55BD52218822500250936 /* AppDelegate.swift */,
			);
			path = App;
			sourceTree = "<group>";
		};
		91D55BE8221884C100250936 /* Core */ = {
			isa = PBXGroup;
			children = (
				91D55BE9221884CE00250936 /* Core.swift */,
			);
			path = Core;
			sourceTree = "<group>";
		};
		91D55BEB221886F400250936 /* Model */ = {
			isa = PBXGroup;
			children = (
				91D55C352218BA2800250936 /* CardContentProviding.swift */,
				91D55C3D2218C80C00250936 /* LegislatorViewContent.swift */,
				2E0F6C352218FC6700640A9E /* Interaction.swift */,
			);
			path = Model;
			sourceTree = "<group>";
		};
		91D55BEC221886FF00250936 /* Controller */ = {
			isa = PBXGroup;
			children = (
				91D55BD72218822500250936 /* EngagementViewController.swift */,
				91D55C3F2218E6BA00250936 /* LegislatorListViewController.swift */,
				2E0F6C332218F82100640A9E /* ContentController.swift */,
			);
			path = Controller;
			sourceTree = "<group>";
		};
		91D55BF322188A8600250936 /* ModernUIKit */ = {
			isa = PBXGroup;
			children = (
				91D55BF422188A8600250936 /* ModernUIKit.h */,
				91D55BF522188A8600250936 /* Info.plist */,
				91D55C332218A2CD00250936 /* ModernUIConstants.swift */,
				91D55C1A22188AC300250936 /* Model */,
				91D55C1F22188ACC00250936 /* View */,
				91D55BFE22188AAD00250936 /* Extensions */,
			);
			path = ModernUIKit;
			sourceTree = "<group>";
		};
		91D55BFE22188AAD00250936 /* Extensions */ = {
			isa = PBXGroup;
			children = (
				91D55BFF22188AAD00250936 /* UIViewController+Core.swift */,
				91D55C0022188AAD00250936 /* UIWindow+Core.swift */,
				91D55C0122188AAD00250936 /* UIColor+Core.swift */,
				91D55C0222188AAD00250936 /* Foundation */,
				91D55C0822188AAD00250936 /* UIViewController+Alerts.swift */,
				91D55C0922188AAD00250936 /* UIStoryboard+Core.swift */,
				91D55C0A22188AAD00250936 /* UIEdgeInsets+Math.swift */,
				91D55C0B22188AAD00250936 /* UIView+Core.swift */,
				91D55C0C22188AAD00250936 /* UIDevice+Core.swift */,
			);
			path = Extensions;
			sourceTree = "<group>";
		};
		91D55C0222188AAD00250936 /* Foundation */ = {
			isa = PBXGroup;
			children = (
				91D55C0322188AAD00250936 /* CGRect+Math.swift */,
				91D55C0422188AAD00250936 /* IndexPath+Grid.swift */,
				91D55C0522188AAD00250936 /* Array+ColorConversion.swift */,
				91D55C0622188AAD00250936 /* EdgeInsets.swift */,
				91D55C0722188AAD00250936 /* CGSize+Math.swift */,
			);
			path = Foundation;
			sourceTree = "<group>";
		};
		91D55C1A22188AC300250936 /* Model */ = {
			isa = PBXGroup;
			children = (
				91D55C1B22188AC300250936 /* ModernTimer.swift */,
				91D55C1C22188AC300250936 /* ModernCollectionViewFlowLayout.swift */,
			);
			path = Model;
			sourceTree = "<group>";
		};
		91D55C1F22188ACC00250936 /* View */ = {
			isa = PBXGroup;
			children = (
				91D55C2022188ACC00250936 /* ModernGridView.swift */,
				91D55C2122188ACC00250936 /* ModernFluidButton.swift */,
				91D55C2222188ACC00250936 /* ModernCircleView.swift */,
				91D55C2322188ACC00250936 /* ModernContinuousContourView.swift */,
				91D55C2422188ACC00250936 /* ModernGradientContourView.swift */,
				91D55C2522188ACC00250936 /* ModernFluidTableView.swift */,
				91D55C2622188ACC00250936 /* ModernNavigationBar.swift */,
				91D55C2722188ACC00250936 /* ModernGradientView.swift */,
			);
			path = View;
			sourceTree = "<group>";
		};
		91D55C3022189FFA00250936 /* Extensions */ = {
			isa = PBXGroup;
			children = (
				91D55C312218A01100250936 /* UIColor+Application.swift */,
				91D55C4322190AB600250936 /* UIImageView+AsyncURL.swift */,
			);
			path = Extensions;
			sourceTree = "<group>";
		};
		91D55C392218BDE900250936 /* View */ = {
			isa = PBXGroup;
			children = (
				91D55C3A2218BDFF00250936 /* EngagementTableViewCell.swift */,
				91D55C412218E89400250936 /* LegislatorSummaryView.swift */,
			);
			path = View;
			sourceTree = "<group>";
		};
/* End PBXGroup section */

/* Begin PBXHeadersBuildPhase section */
		2E0F6BFA2218896700640A9E /* Headers */ = {
			isa = PBXHeadersBuildPhase;
			buildActionMask = 2147483647;
			files = (
			);
			runOnlyForDeploymentPostprocessing = 0;
		};
		91D55BED22188A8600250936 /* Headers */ = {
			isa = PBXHeadersBuildPhase;
			buildActionMask = 2147483647;
			files = (
				91D55BF622188A8600250936 /* ModernUIKit.h in Headers */,
			);
			runOnlyForDeploymentPostprocessing = 0;
		};
/* End PBXHeadersBuildPhase section */

/* Begin PBXNativeTarget section */
		2E0F6BFE2218896700640A9E /* CitizenKit */ = {
			isa = PBXNativeTarget;
			buildConfigurationList = 2E0F6C1A2218896700640A9E /* Build configuration list for PBXNativeTarget "CitizenKit" */;
			buildPhases = (
				2E0F6BFA2218896700640A9E /* Headers */,
				2E0F6BFB2218896700640A9E /* Sources */,
				2E0F6BFC2218896700640A9E /* Frameworks */,
				2E0F6BFD2218896700640A9E /* Resources */,
			);
			buildRules = (
			);
			dependencies = (
			);
			name = CitizenKit;
			productName = CitizenKit;
			productReference = 2E0F6BFF2218896700640A9E /* CitizenKit.framework */;
			productType = "com.apple.product-type.framework";
		};
		2E0F6C062218896700640A9E /* CitizenKitTests */ = {
			isa = PBXNativeTarget;
			buildConfigurationList = 2E0F6C1B2218896700640A9E /* Build configuration list for PBXNativeTarget "CitizenKitTests" */;
			buildPhases = (
				2E0F6C032218896700640A9E /* Sources */,
				2E0F6C042218896700640A9E /* Frameworks */,
				2E0F6C052218896700640A9E /* Resources */,
			);
			buildRules = (
			);
			dependencies = (
				2E0F6C0A2218896700640A9E /* PBXTargetDependency */,
				2E0F6C0C2218896700640A9E /* PBXTargetDependency */,
			);
			name = CitizenKitTests;
			productName = CitizenKitTests;
			productReference = 2E0F6C072218896700640A9E /* CitizenKitTests.xctest */;
			productType = "com.apple.product-type.bundle.unit-test";
		};
		91D55BD12218822500250936 /* Citizen-X */ = {
			isa = PBXNativeTarget;
			buildConfigurationList = 91D55BE42218822700250936 /* Build configuration list for PBXNativeTarget "Citizen-X" */;
			buildPhases = (
				91D55BCE2218822500250936 /* Sources */,
				91D55BCF2218822500250936 /* Frameworks */,
				91D55BD02218822500250936 /* Resources */,
				2E0F6BF4221884F000640A9E /* Embed Frameworks */,
			);
			buildRules = (
			);
			dependencies = (
				2E0F6C132218896700640A9E /* PBXTargetDependency */,
				91D55BF822188A8600250936 /* PBXTargetDependency */,
			);
			name = "Citizen-X";
			productName = "Citizen-X";
			productReference = 91D55BD22218822500250936 /* Citizen-X.app */;
			productType = "com.apple.product-type.application";
		};
		91D55BF122188A8600250936 /* ModernUIKit */ = {
			isa = PBXNativeTarget;
			buildConfigurationList = 91D55BFD22188A8600250936 /* Build configuration list for PBXNativeTarget "ModernUIKit" */;
			buildPhases = (
				91D55BED22188A8600250936 /* Headers */,
				91D55BEE22188A8600250936 /* Sources */,
				91D55BEF22188A8600250936 /* Frameworks */,
				91D55BF022188A8600250936 /* Resources */,
			);
			buildRules = (
			);
			dependencies = (
			);
			name = ModernUIKit;
			productName = ModernUIKit;
			productReference = 91D55BF222188A8600250936 /* ModernUIKit.framework */;
			productType = "com.apple.product-type.framework";
		};
/* End PBXNativeTarget section */

/* Begin PBXProject section */
		91D55BCA2218822500250936 /* Project object */ = {
			isa = PBXProject;
			attributes = {
				LastSwiftUpdateCheck = 1020;
				LastUpgradeCheck = 1020;
				ORGANIZATIONNAME = "Clifford Panos";
				TargetAttributes = {
					2E0F6BFE2218896700640A9E = {
						CreatedOnToolsVersion = 10.2;
						LastSwiftMigration = 1020;
					};
					2E0F6C062218896700640A9E = {
						CreatedOnToolsVersion = 10.2;
						TestTargetID = 91D55BD12218822500250936;
					};
					91D55BD12218822500250936 = {
						CreatedOnToolsVersion = 10.2;
					};
					91D55BF122188A8600250936 = {
						CreatedOnToolsVersion = 10.2;
					};
				};
			};
			buildConfigurationList = 91D55BCD2218822500250936 /* Build configuration list for PBXProject "Citizen-X" */;
			compatibilityVersion = "Xcode 9.3";
			developmentRegion = en;
			hasScannedForEncodings = 0;
			knownRegions = (
				en,
				Base,
			);
			mainGroup = 91D55BC92218822500250936;
			productRefGroup = 91D55BD32218822500250936 /* Products */;
			projectDirPath = "";
			projectRoot = "";
			targets = (
				91D55BD12218822500250936 /* Citizen-X */,
				2E0F6BFE2218896700640A9E /* CitizenKit */,
				91D55BF122188A8600250936 /* ModernUIKit */,
				2E0F6C062218896700640A9E /* CitizenKitTests */,
			);
		};
/* End PBXProject section */

/* Begin PBXResourcesBuildPhase section */
		2E0F6BFD2218896700640A9E /* Resources */ = {
			isa = PBXResourcesBuildPhase;
			buildActionMask = 2147483647;
			files = (
			);
			runOnlyForDeploymentPostprocessing = 0;
		};
		2E0F6C052218896700640A9E /* Resources */ = {
			isa = PBXResourcesBuildPhase;
			buildActionMask = 2147483647;
			files = (
			);
			runOnlyForDeploymentPostprocessing = 0;
		};
		91D55BD02218822500250936 /* Resources */ = {
			isa = PBXResourcesBuildPhase;
			buildActionMask = 2147483647;
			files = (
				91D55BE02218822700250936 /* LaunchScreen.storyboard in Resources */,
				91D55BDD2218822700250936 /* Assets.xcassets in Resources */,
				91D55BDB2218822500250936 /* Main.storyboard in Resources */,
			);
			runOnlyForDeploymentPostprocessing = 0;
		};
		91D55BF022188A8600250936 /* Resources */ = {
			isa = PBXResourcesBuildPhase;
			buildActionMask = 2147483647;
			files = (
			);
			runOnlyForDeploymentPostprocessing = 0;
		};
/* End PBXResourcesBuildPhase section */

/* Begin PBXSourcesBuildPhase section */
		2E0F6BFB2218896700640A9E /* Sources */ = {
			isa = PBXSourcesBuildPhase;
			buildActionMask = 2147483647;
			files = (
				2E0F6C2422188B5F00640A9E /* Legislator.swift in Sources */,
				2E0F6C2922188EFA00640A9E /* Phone2Action.swift in Sources */,
				2E0F6C1F22188AF300640A9E /* Promise.swift in Sources */,
				2E0F6C2622188C7700640A9E /* LegislatorsResponse.swift in Sources */,
				2E0F6C2B2218908300640A9E /* AnyDecoder.swift in Sources */,
				2E0F6C2E2218B6AA00640A9E /* State.swift in Sources */,
			);
			runOnlyForDeploymentPostprocessing = 0;
		};
		2E0F6C032218896700640A9E /* Sources */ = {
			isa = PBXSourcesBuildPhase;
			buildActionMask = 2147483647;
			files = (
				2E0F6C0F2218896700640A9E /* CitizenKitTests.swift in Sources */,
			);
			runOnlyForDeploymentPostprocessing = 0;
		};
		91D55BCE2218822500250936 /* Sources */ = {
			isa = PBXSourcesBuildPhase;
			buildActionMask = 2147483647;
			files = (
				91D55C362218BA2800250936 /* CardContentProviding.swift in Sources */,
				91D55C322218A01100250936 /* UIColor+Application.swift in Sources */,
				91D55C4422190AB600250936 /* UIImageView+AsyncURL.swift in Sources */,
				91D55C3E2218C80C00250936 /* LegislatorViewContent.swift in Sources */,
				2E0F6C342218F82100640A9E /* ContentController.swift in Sources */,
				91D55BEA221884CE00250936 /* Core.swift in Sources */,
				91D55C3B2218BDFF00250936 /* EngagementTableViewCell.swift in Sources */,
				91D55BD82218822500250936 /* EngagementViewController.swift in Sources */,
				91D55C402218E6BA00250936 /* LegislatorListViewController.swift in Sources */,
				91D55C422218E89400250936 /* LegislatorSummaryView.swift in Sources */,
				91D55BD62218822500250936 /* AppDelegate.swift in Sources */,
				2E0F6C362218FC6700640A9E /* Interaction.swift in Sources */,
			);
			runOnlyForDeploymentPostprocessing = 0;
		};
		91D55BEE22188A8600250936 /* Sources */ = {
			isa = PBXSourcesBuildPhase;
			buildActionMask = 2147483647;
			files = (
				91D55C1E22188AC300250936 /* ModernCollectionViewFlowLayout.swift in Sources */,
				91D55C0E22188AAD00250936 /* UIWindow+Core.swift in Sources */,
				91D55C2922188ACC00250936 /* ModernFluidButton.swift in Sources */,
				91D55C1822188AAD00250936 /* UIView+Core.swift in Sources */,
				91D55C1222188AAD00250936 /* Array+ColorConversion.swift in Sources */,
				91D55C2A22188ACC00250936 /* ModernCircleView.swift in Sources */,
				91D55C2E22188ACC00250936 /* ModernNavigationBar.swift in Sources */,
				91D55C1122188AAD00250936 /* IndexPath+Grid.swift in Sources */,
				91D55C2822188ACC00250936 /* ModernGridView.swift in Sources */,
				91D55C1022188AAD00250936 /* CGRect+Math.swift in Sources */,
				91D55C342218A2CD00250936 /* ModernUIConstants.swift in Sources */,
				91D55C1322188AAD00250936 /* EdgeInsets.swift in Sources */,
				91D55C0D22188AAD00250936 /* UIViewController+Core.swift in Sources */,
				91D55C2B22188ACC00250936 /* ModernContinuousContourView.swift in Sources */,
				91D55C1922188AAD00250936 /* UIDevice+Core.swift in Sources */,
				91D55C1422188AAD00250936 /* CGSize+Math.swift in Sources */,
				91D55C1622188AAD00250936 /* UIStoryboard+Core.swift in Sources */,
				91D55C1722188AAD00250936 /* UIEdgeInsets+Math.swift in Sources */,
				91D55C1522188AAD00250936 /* UIViewController+Alerts.swift in Sources */,
				91D55C2D22188ACC00250936 /* ModernFluidTableView.swift in Sources */,
				91D55C1D22188AC300250936 /* ModernTimer.swift in Sources */,
				91D55C2C22188ACC00250936 /* ModernGradientContourView.swift in Sources */,
				91D55C0F22188AAD00250936 /* UIColor+Core.swift in Sources */,
				91D55C2F22188ACC00250936 /* ModernGradientView.swift in Sources */,
			);
			runOnlyForDeploymentPostprocessing = 0;
		};
/* End PBXSourcesBuildPhase section */

/* Begin PBXTargetDependency section */
		2E0F6C0A2218896700640A9E /* PBXTargetDependency */ = {
			isa = PBXTargetDependency;
			target = 2E0F6BFE2218896700640A9E /* CitizenKit */;
			targetProxy = 2E0F6C092218896700640A9E /* PBXContainerItemProxy */;
		};
		2E0F6C0C2218896700640A9E /* PBXTargetDependency */ = {
			isa = PBXTargetDependency;
			target = 91D55BD12218822500250936 /* Citizen-X */;
			targetProxy = 2E0F6C0B2218896700640A9E /* PBXContainerItemProxy */;
		};
		2E0F6C132218896700640A9E /* PBXTargetDependency */ = {
			isa = PBXTargetDependency;
			target = 2E0F6BFE2218896700640A9E /* CitizenKit */;
			targetProxy = 2E0F6C122218896700640A9E /* PBXContainerItemProxy */;
		};
		91D55BF822188A8600250936 /* PBXTargetDependency */ = {
			isa = PBXTargetDependency;
			target = 91D55BF122188A8600250936 /* ModernUIKit */;
			targetProxy = 91D55BF722188A8600250936 /* PBXContainerItemProxy */;
		};
/* End PBXTargetDependency section */

/* Begin PBXVariantGroup section */
		91D55BD92218822500250936 /* Main.storyboard */ = {
			isa = PBXVariantGroup;
			children = (
				91D55BDA2218822500250936 /* Base */,
			);
			name = Main.storyboard;
			sourceTree = "<group>";
		};
		91D55BDE2218822700250936 /* LaunchScreen.storyboard */ = {
			isa = PBXVariantGroup;
			children = (
				91D55BDF2218822700250936 /* Base */,
			);
			name = LaunchScreen.storyboard;
			sourceTree = "<group>";
		};
/* End PBXVariantGroup section */

/* Begin XCBuildConfiguration section */
		2E0F6C162218896700640A9E /* Debug */ = {
			isa = XCBuildConfiguration;
			buildSettings = {
				CLANG_ENABLE_MODULES = YES;
				CODE_SIGN_IDENTITY = "";
				CODE_SIGN_STYLE = Automatic;
				CURRENT_PROJECT_VERSION = 1;
				DEFINES_MODULE = YES;
				DEVELOPMENT_TEAM = V7HL83ZN6U;
				DYLIB_COMPATIBILITY_VERSION = 1;
				DYLIB_CURRENT_VERSION = 1;
				DYLIB_INSTALL_NAME_BASE = "@rpath";
				INFOPLIST_FILE = CitizenKit/Info.plist;
				INSTALL_PATH = "$(LOCAL_LIBRARY_DIR)/Frameworks";
				LD_RUNPATH_SEARCH_PATHS = (
					"$(inherited)",
					"@executable_path/Frameworks",
					"@loader_path/Frameworks",
				);
				PRODUCT_BUNDLE_IDENTIFIER = "com.cliffpanos.Citizen-X.CitizenKit";
				PRODUCT_NAME = "$(TARGET_NAME:c99extidentifier)";
				SKIP_INSTALL = YES;
				SWIFT_OPTIMIZATION_LEVEL = "-Onone";
				SWIFT_VERSION = 5.0;
				TARGETED_DEVICE_FAMILY = "1,2";
				VERSIONING_SYSTEM = "apple-generic";
				VERSION_INFO_PREFIX = "";
			};
			name = Debug;
		};
		2E0F6C172218896700640A9E /* Release */ = {
			isa = XCBuildConfiguration;
			buildSettings = {
				CLANG_ENABLE_MODULES = YES;
				CODE_SIGN_IDENTITY = "";
				CODE_SIGN_STYLE = Automatic;
				CURRENT_PROJECT_VERSION = 1;
				DEFINES_MODULE = YES;
				DEVELOPMENT_TEAM = V7HL83ZN6U;
				DYLIB_COMPATIBILITY_VERSION = 1;
				DYLIB_CURRENT_VERSION = 1;
				DYLIB_INSTALL_NAME_BASE = "@rpath";
				INFOPLIST_FILE = CitizenKit/Info.plist;
				INSTALL_PATH = "$(LOCAL_LIBRARY_DIR)/Frameworks";
				LD_RUNPATH_SEARCH_PATHS = (
					"$(inherited)",
					"@executable_path/Frameworks",
					"@loader_path/Frameworks",
				);
				PRODUCT_BUNDLE_IDENTIFIER = "com.cliffpanos.Citizen-X.CitizenKit";
				PRODUCT_NAME = "$(TARGET_NAME:c99extidentifier)";
				SKIP_INSTALL = YES;
				SWIFT_VERSION = 5.0;
				TARGETED_DEVICE_FAMILY = "1,2";
				VERSIONING_SYSTEM = "apple-generic";
				VERSION_INFO_PREFIX = "";
			};
			name = Release;
		};
		2E0F6C182218896700640A9E /* Debug */ = {
			isa = XCBuildConfiguration;
			buildSettings = {
				ALWAYS_EMBED_SWIFT_STANDARD_LIBRARIES = YES;
				CODE_SIGN_STYLE = Automatic;
				DEVELOPMENT_TEAM = V7HL83ZN6U;
				INFOPLIST_FILE = CitizenKit/CitizenKitTests/Info.plist;
				IPHONEOS_DEPLOYMENT_TARGET = 12.1;
				LD_RUNPATH_SEARCH_PATHS = (
					"$(inherited)",
					"@executable_path/Frameworks",
					"@loader_path/Frameworks",
				);
				PRODUCT_BUNDLE_IDENTIFIER = "com.cliffpanos.Citizen-X.CitizenKitTests";
				PRODUCT_NAME = "$(TARGET_NAME)";
				SWIFT_VERSION = 5.0;
				TARGETED_DEVICE_FAMILY = "1,2";
				TEST_HOST = "$(BUILT_PRODUCTS_DIR)/Citizen-X.app/Citizen-X";
			};
			name = Debug;
		};
		2E0F6C192218896700640A9E /* Release */ = {
			isa = XCBuildConfiguration;
			buildSettings = {
				ALWAYS_EMBED_SWIFT_STANDARD_LIBRARIES = YES;
				CODE_SIGN_STYLE = Automatic;
				DEVELOPMENT_TEAM = V7HL83ZN6U;
				INFOPLIST_FILE = CitizenKit/CitizenKitTests/Info.plist;
				IPHONEOS_DEPLOYMENT_TARGET = 12.1;
				LD_RUNPATH_SEARCH_PATHS = (
					"$(inherited)",
					"@executable_path/Frameworks",
					"@loader_path/Frameworks",
				);
				PRODUCT_BUNDLE_IDENTIFIER = "com.cliffpanos.Citizen-X.CitizenKitTests";
				PRODUCT_NAME = "$(TARGET_NAME)";
				SWIFT_VERSION = 5.0;
				TARGETED_DEVICE_FAMILY = "1,2";
				TEST_HOST = "$(BUILT_PRODUCTS_DIR)/Citizen-X.app/Citizen-X";
			};
			name = Release;
		};
		91D55BE22218822700250936 /* Debug */ = {
			isa = XCBuildConfiguration;
			buildSettings = {
				ALWAYS_SEARCH_USER_PATHS = NO;
				CLANG_ANALYZER_NONNULL = YES;
				CLANG_ANALYZER_NUMBER_OBJECT_CONVERSION = YES_AGGRESSIVE;
				CLANG_CXX_LANGUAGE_STANDARD = "gnu++14";
				CLANG_CXX_LIBRARY = "libc++";
				CLANG_ENABLE_MODULES = YES;
				CLANG_ENABLE_OBJC_ARC = YES;
				CLANG_ENABLE_OBJC_WEAK = YES;
				CLANG_WARN_BLOCK_CAPTURE_AUTORELEASING = YES;
				CLANG_WARN_BOOL_CONVERSION = YES;
				CLANG_WARN_COMMA = YES;
				CLANG_WARN_CONSTANT_CONVERSION = YES;
				CLANG_WARN_DEPRECATED_OBJC_IMPLEMENTATIONS = YES;
				CLANG_WARN_DIRECT_OBJC_ISA_USAGE = YES_ERROR;
				CLANG_WARN_DOCUMENTATION_COMMENTS = YES;
				CLANG_WARN_EMPTY_BODY = YES;
				CLANG_WARN_ENUM_CONVERSION = YES;
				CLANG_WARN_INFINITE_RECURSION = YES;
				CLANG_WARN_INT_CONVERSION = YES;
				CLANG_WARN_NON_LITERAL_NULL_CONVERSION = YES;
				CLANG_WARN_OBJC_IMPLICIT_RETAIN_SELF = YES;
				CLANG_WARN_OBJC_LITERAL_CONVERSION = YES;
				CLANG_WARN_OBJC_ROOT_CLASS = YES_ERROR;
				CLANG_WARN_RANGE_LOOP_ANALYSIS = YES;
				CLANG_WARN_STRICT_PROTOTYPES = YES;
				CLANG_WARN_SUSPICIOUS_MOVE = YES;
				CLANG_WARN_UNGUARDED_AVAILABILITY = YES_AGGRESSIVE;
				CLANG_WARN_UNREACHABLE_CODE = YES;
				CLANG_WARN__DUPLICATE_METHOD_MATCH = YES;
				CODE_SIGN_IDENTITY = "iPhone Developer";
				COPY_PHASE_STRIP = NO;
				DEBUG_INFORMATION_FORMAT = dwarf;
				ENABLE_STRICT_OBJC_MSGSEND = YES;
				ENABLE_TESTABILITY = YES;
				GCC_C_LANGUAGE_STANDARD = gnu11;
				GCC_DYNAMIC_NO_PIC = NO;
				GCC_NO_COMMON_BLOCKS = YES;
				GCC_OPTIMIZATION_LEVEL = 0;
				GCC_PREPROCESSOR_DEFINITIONS = (
					"DEBUG=1",
					"$(inherited)",
				);
				GCC_WARN_64_TO_32_BIT_CONVERSION = YES;
				GCC_WARN_ABOUT_RETURN_TYPE = YES_ERROR;
				GCC_WARN_UNDECLARED_SELECTOR = YES;
				GCC_WARN_UNINITIALIZED_AUTOS = YES_AGGRESSIVE;
				GCC_WARN_UNUSED_FUNCTION = YES;
				GCC_WARN_UNUSED_VARIABLE = YES;
				IPHONEOS_DEPLOYMENT_TARGET = 12.1;
				MTL_ENABLE_DEBUG_INFO = INCLUDE_SOURCE;
				MTL_FAST_MATH = YES;
				ONLY_ACTIVE_ARCH = YES;
				SDKROOT = iphoneos;
				SWIFT_ACTIVE_COMPILATION_CONDITIONS = DEBUG;
				SWIFT_OPTIMIZATION_LEVEL = "-Onone";
			};
			name = Debug;
		};
		91D55BE32218822700250936 /* Release */ = {
			isa = XCBuildConfiguration;
			buildSettings = {
				ALWAYS_SEARCH_USER_PATHS = NO;
				CLANG_ANALYZER_NONNULL = YES;
				CLANG_ANALYZER_NUMBER_OBJECT_CONVERSION = YES_AGGRESSIVE;
				CLANG_CXX_LANGUAGE_STANDARD = "gnu++14";
				CLANG_CXX_LIBRARY = "libc++";
				CLANG_ENABLE_MODULES = YES;
				CLANG_ENABLE_OBJC_ARC = YES;
				CLANG_ENABLE_OBJC_WEAK = YES;
				CLANG_WARN_BLOCK_CAPTURE_AUTORELEASING = YES;
				CLANG_WARN_BOOL_CONVERSION = YES;
				CLANG_WARN_COMMA = YES;
				CLANG_WARN_CONSTANT_CONVERSION = YES;
				CLANG_WARN_DEPRECATED_OBJC_IMPLEMENTATIONS = YES;
				CLANG_WARN_DIRECT_OBJC_ISA_USAGE = YES_ERROR;
				CLANG_WARN_DOCUMENTATION_COMMENTS = YES;
				CLANG_WARN_EMPTY_BODY = YES;
				CLANG_WARN_ENUM_CONVERSION = YES;
				CLANG_WARN_INFINITE_RECURSION = YES;
				CLANG_WARN_INT_CONVERSION = YES;
				CLANG_WARN_NON_LITERAL_NULL_CONVERSION = YES;
				CLANG_WARN_OBJC_IMPLICIT_RETAIN_SELF = YES;
				CLANG_WARN_OBJC_LITERAL_CONVERSION = YES;
				CLANG_WARN_OBJC_ROOT_CLASS = YES_ERROR;
				CLANG_WARN_RANGE_LOOP_ANALYSIS = YES;
				CLANG_WARN_STRICT_PROTOTYPES = YES;
				CLANG_WARN_SUSPICIOUS_MOVE = YES;
				CLANG_WARN_UNGUARDED_AVAILABILITY = YES_AGGRESSIVE;
				CLANG_WARN_UNREACHABLE_CODE = YES;
				CLANG_WARN__DUPLICATE_METHOD_MATCH = YES;
				CODE_SIGN_IDENTITY = "iPhone Developer";
				COPY_PHASE_STRIP = NO;
				DEBUG_INFORMATION_FORMAT = "dwarf-with-dsym";
				ENABLE_NS_ASSERTIONS = NO;
				ENABLE_STRICT_OBJC_MSGSEND = YES;
				GCC_C_LANGUAGE_STANDARD = gnu11;
				GCC_NO_COMMON_BLOCKS = YES;
				GCC_WARN_64_TO_32_BIT_CONVERSION = YES;
				GCC_WARN_ABOUT_RETURN_TYPE = YES_ERROR;
				GCC_WARN_UNDECLARED_SELECTOR = YES;
				GCC_WARN_UNINITIALIZED_AUTOS = YES_AGGRESSIVE;
				GCC_WARN_UNUSED_FUNCTION = YES;
				GCC_WARN_UNUSED_VARIABLE = YES;
				IPHONEOS_DEPLOYMENT_TARGET = 12.1;
				MTL_ENABLE_DEBUG_INFO = NO;
				MTL_FAST_MATH = YES;
				SDKROOT = iphoneos;
				SWIFT_COMPILATION_MODE = wholemodule;
				SWIFT_OPTIMIZATION_LEVEL = "-O";
				VALIDATE_PRODUCT = YES;
			};
			name = Release;
		};
		91D55BE52218822700250936 /* Debug */ = {
			isa = XCBuildConfiguration;
			buildSettings = {
				ALWAYS_EMBED_SWIFT_STANDARD_LIBRARIES = YES;
				ASSETCATALOG_COMPILER_APPICON_NAME = AppIcon;
				CODE_SIGN_STYLE = Automatic;
				DEVELOPMENT_TEAM = V7HL83ZN6U;
				FRAMEWORK_SEARCH_PATHS = (
					"$(inherited)",
					"$(PROJECT_DIR)/Frameworks",
				);
				INFOPLIST_FILE = "$(SRCROOT)/Citizen-X/Info.plist";
				LD_RUNPATH_SEARCH_PATHS = (
					"$(inherited)",
					"@executable_path/Frameworks",
				);
				PRODUCT_BUNDLE_IDENTIFIER = "com.cliffpanos.Citizen-X";
				PRODUCT_NAME = "$(TARGET_NAME)";
				SWIFT_VERSION = 5.0;
				TARGETED_DEVICE_FAMILY = "1,2";
			};
			name = Debug;
		};
		91D55BE62218822700250936 /* Release */ = {
			isa = XCBuildConfiguration;
			buildSettings = {
				ALWAYS_EMBED_SWIFT_STANDARD_LIBRARIES = YES;
				ASSETCATALOG_COMPILER_APPICON_NAME = AppIcon;
				CODE_SIGN_STYLE = Automatic;
				DEVELOPMENT_TEAM = V7HL83ZN6U;
				FRAMEWORK_SEARCH_PATHS = (
					"$(inherited)",
					"$(PROJECT_DIR)/Frameworks",
				);
				INFOPLIST_FILE = "$(SRCROOT)/Citizen-X/Info.plist";
				LD_RUNPATH_SEARCH_PATHS = (
					"$(inherited)",
					"@executable_path/Frameworks",
				);
				PRODUCT_BUNDLE_IDENTIFIER = "com.cliffpanos.Citizen-X";
				PRODUCT_NAME = "$(TARGET_NAME)";
				SWIFT_VERSION = 5.0;
				TARGETED_DEVICE_FAMILY = "1,2";
			};
			name = Release;
		};
		91D55BFB22188A8600250936 /* Debug */ = {
			isa = XCBuildConfiguration;
			buildSettings = {
				CODE_SIGN_IDENTITY = "";
				CODE_SIGN_STYLE = Automatic;
				CURRENT_PROJECT_VERSION = 1;
				DEFINES_MODULE = YES;
				DEVELOPMENT_TEAM = V7HL83ZN6U;
				DYLIB_COMPATIBILITY_VERSION = 1;
				DYLIB_CURRENT_VERSION = 1;
				DYLIB_INSTALL_NAME_BASE = "@rpath";
				INFOPLIST_FILE = ModernUIKit/Info.plist;
				INSTALL_PATH = "$(LOCAL_LIBRARY_DIR)/Frameworks";
				LD_RUNPATH_SEARCH_PATHS = (
					"$(inherited)",
					"@executable_path/Frameworks",
					"@loader_path/Frameworks",
				);
				PRODUCT_BUNDLE_IDENTIFIER = com.cliffpanos.ModernUIKit;
				PRODUCT_NAME = "$(TARGET_NAME:c99extidentifier)";
				SKIP_INSTALL = YES;
				SWIFT_VERSION = 5.0;
				TARGETED_DEVICE_FAMILY = "1,2";
				VERSIONING_SYSTEM = "apple-generic";
				VERSION_INFO_PREFIX = "";
			};
			name = Debug;
		};
		91D55BFC22188A8600250936 /* Release */ = {
			isa = XCBuildConfiguration;
			buildSettings = {
				CODE_SIGN_IDENTITY = "";
				CODE_SIGN_STYLE = Automatic;
				CURRENT_PROJECT_VERSION = 1;
				DEFINES_MODULE = YES;
				DEVELOPMENT_TEAM = V7HL83ZN6U;
				DYLIB_COMPATIBILITY_VERSION = 1;
				DYLIB_CURRENT_VERSION = 1;
				DYLIB_INSTALL_NAME_BASE = "@rpath";
				INFOPLIST_FILE = ModernUIKit/Info.plist;
				INSTALL_PATH = "$(LOCAL_LIBRARY_DIR)/Frameworks";
				LD_RUNPATH_SEARCH_PATHS = (
					"$(inherited)",
					"@executable_path/Frameworks",
					"@loader_path/Frameworks",
				);
				PRODUCT_BUNDLE_IDENTIFIER = com.cliffpanos.ModernUIKit;
				PRODUCT_NAME = "$(TARGET_NAME:c99extidentifier)";
				SKIP_INSTALL = YES;
				SWIFT_VERSION = 5.0;
				TARGETED_DEVICE_FAMILY = "1,2";
				VERSIONING_SYSTEM = "apple-generic";
				VERSION_INFO_PREFIX = "";
			};
			name = Release;
		};
/* End XCBuildConfiguration section */

/* Begin XCConfigurationList section */
		2E0F6C1A2218896700640A9E /* Build configuration list for PBXNativeTarget "CitizenKit" */ = {
			isa = XCConfigurationList;
			buildConfigurations = (
				2E0F6C162218896700640A9E /* Debug */,
				2E0F6C172218896700640A9E /* Release */,
			);
			defaultConfigurationIsVisible = 0;
			defaultConfigurationName = Release;
		};
		2E0F6C1B2218896700640A9E /* Build configuration list for PBXNativeTarget "CitizenKitTests" */ = {
			isa = XCConfigurationList;
			buildConfigurations = (
				2E0F6C182218896700640A9E /* Debug */,
				2E0F6C192218896700640A9E /* Release */,
			);
			defaultConfigurationIsVisible = 0;
			defaultConfigurationName = Release;
		};
		91D55BCD2218822500250936 /* Build configuration list for PBXProject "Citizen-X" */ = {
			isa = XCConfigurationList;
			buildConfigurations = (
				91D55BE22218822700250936 /* Debug */,
				91D55BE32218822700250936 /* Release */,
			);
			defaultConfigurationIsVisible = 0;
			defaultConfigurationName = Release;
		};
		91D55BE42218822700250936 /* Build configuration list for PBXNativeTarget "Citizen-X" */ = {
			isa = XCConfigurationList;
			buildConfigurations = (
				91D55BE52218822700250936 /* Debug */,
				91D55BE62218822700250936 /* Release */,
			);
			defaultConfigurationIsVisible = 0;
			defaultConfigurationName = Release;
		};
		91D55BFD22188A8600250936 /* Build configuration list for PBXNativeTarget "ModernUIKit" */ = {
			isa = XCConfigurationList;
			buildConfigurations = (
				91D55BFB22188A8600250936 /* Debug */,
				91D55BFC22188A8600250936 /* Release */,
			);
			defaultConfigurationIsVisible = 0;
			defaultConfigurationName = Release;
		};
/* End XCConfigurationList section */
	};
	rootObject = 91D55BCA2218822500250936 /* Project object */;
}
